
Microsoft Visual Studio Solution File, Format Version 12.00
# Visual Studio 15
VisualStudioVersion = 15.0.27130.2020
MinimumVisualStudioVersion = 10.0.40219.1
Project("{8BC9CEB8-8B4A-11D0-8D11-00A0C91BC942}") = "launcher", "src\launcher\launcher.vcxproj", "{99ACCA4E-8748-4AAF-A38D-36DCD6F95A23}"
	ProjectSection(ProjectDependencies) = postProject
		{D855F918-41E5-A41F-C576-EB2DE770214F} = {D855F918-41E5-A41F-C576-EB2DE770214F}
		{03BD822F-165F-485B-4447-EC8C827C9611} = {03BD822F-165F-485B-4447-EC8C827C9611}
		{EC1C516D-E1D9-BC0A-F79D-E91E954ED8EC} = {EC1C516D-E1D9-BC0A-F79D-E91E954ED8EC}
		{4D8EF5A4-6DAD-80EB-8D2C-CF5A5E5DFA62} = {4D8EF5A4-6DAD-80EB-8D2C-CF5A5E5DFA62}
		{79EBC2C3-20B8-383B-B4BA-BC02B01BFD24} = {79EBC2C3-20B8-383B-B4BA-BC02B01BFD24}
		{BAB92FF0-D72A-D7E5-1988-74628D39B94F} = {BAB92FF0-D72A-D7E5-1988-74628D39B94F}
	EndProjectSection
EndProject
Project("{8BC9CEB8-8B4A-11D0-8D11-00A0C91BC942}") = "launcher_main", "src\launcher_main\launcher_main.vcxproj", "{E6B3D7DC-E615-4F9E-8E14-E7AFE068E862}"
EndProject
Project("{2150E333-8FDC-42A3-9474-1A3956D46DE8}") = "Dependencies", "Dependencies", "{ACC819C7-E447-496B-8D73-C8D1ADECD842}"
EndProject
Project("{8BC9CEB8-8B4A-11D0-8D11-00A0C91BC942}") = "mathlib", "libs\source-sdk-cso2\mathlib\mathlib.vcxproj", "{BAB92FF0-D72A-D7E5-1988-74628D39B94F}"
	ProjectSection(ProjectDependencies) = postProject
		{D855F918-41E5-A41F-C576-EB2DE770214F} = {D855F918-41E5-A41F-C576-EB2DE770214F}
		{EC1C516D-E1D9-BC0A-F79D-E91E954ED8EC} = {EC1C516D-E1D9-BC0A-F79D-E91E954ED8EC}
		{4D8EF5A4-6DAD-80EB-8D2C-CF5A5E5DFA62} = {4D8EF5A4-6DAD-80EB-8D2C-CF5A5E5DFA62}
	EndProjectSection
EndProject
Project("{8BC9CEB8-8B4A-11D0-8D11-00A0C91BC942}") = "tier1", "libs\source-sdk-cso2\tier1\tier1.vcxproj", "{EC1C516D-E1D9-BC0A-F79D-E91E954ED8EC}"
EndProject
Project("{8BC9CEB8-8B4A-11D0-8D11-00A0C91BC942}") = "appframework", "libs\source-sdk-cso2\appframework\appframework.vcxproj", "{03BD822F-165F-485B-4447-EC8C827C9611}"
EndProject
Project("{8BC9CEB8-8B4A-11D0-8D11-00A0C91BC942}") = "tier2", "libs\source-sdk-cso2\tier2\tier2.vcxproj", "{4D8EF5A4-6DAD-80EB-8D2C-CF5A5E5DFA62}"
EndProject
Project("{8BC9CEB8-8B4A-11D0-8D11-00A0C91BC942}") = "tier3", "libs\source-sdk-cso2\tier3\tier3.vcxproj", "{D855F918-41E5-A41F-C576-EB2DE770214F}"
EndProject
Project("{2150E333-8FDC-42A3-9474-1A3956D46DE8}") = "source-sdk-cso2", "source-sdk-cso2", "{9A406D39-69B8-44CC-859D-B975B3C15CED}"
EndProject
Project("{8BC9CEB8-8B4A-11D0-8D11-00A0C91BC942}") = "PolyHook_2", "libs\PolyHook_2_0\PolyHook_2.vcxproj", "{79EBC2C3-20B8-383B-B4BA-BC02B01BFD24}"
	ProjectSection(ProjectDependencies) = postProject
		{2750090E-C2C8-3C39-A4F9-606F6480B18D} = {2750090E-C2C8-3C39-A4F9-606F6480B18D}
	EndProjectSection
EndProject
Project("{8BC9CEB8-8B4A-11D0-8D11-00A0C91BC942}") = "capstone-static", "libs\PolyHook_2_0\capstone\build32\capstone-static.vcxproj", "{2750090E-C2C8-3C39-A4F9-606F6480B18D}"
EndProject
Global
	GlobalSection(SolutionConfigurationPlatforms) = preSolution
		Debug|x64 = Debug|x64
		Debug|x86 = Debug|x86
		MinSizeRel|x64 = MinSizeRel|x64
		MinSizeRel|x86 = MinSizeRel|x86
		Release|x64 = Release|x64
		Release|x86 = Release|x86
		RelWithDebInfo|x64 = RelWithDebInfo|x64
		RelWithDebInfo|x86 = RelWithDebInfo|x86
	EndGlobalSection
	GlobalSection(ProjectConfigurationPlatforms) = postSolution
		{99ACCA4E-8748-4AAF-A38D-36DCD6F95A23}.Debug|x64.ActiveCfg = Debug|Win32
		{99ACCA4E-8748-4AAF-A38D-36DCD6F95A23}.Debug|x86.ActiveCfg = Debug|Win32
		{99ACCA4E-8748-4AAF-A38D-36DCD6F95A23}.Debug|x86.Build.0 = Debug|Win32
		{99ACCA4E-8748-4AAF-A38D-36DCD6F95A23}.MinSizeRel|x64.ActiveCfg = Release|Win32
		{99ACCA4E-8748-4AAF-A38D-36DCD6F95A23}.MinSizeRel|x64.Build.0 = Release|Win32
		{99ACCA4E-8748-4AAF-A38D-36DCD6F95A23}.MinSizeRel|x86.ActiveCfg = Release|Win32
		{99ACCA4E-8748-4AAF-A38D-36DCD6F95A23}.MinSizeRel|x86.Build.0 = Release|Win32
		{99ACCA4E-8748-4AAF-A38D-36DCD6F95A23}.Release|x64.ActiveCfg = Release|Win32
		{99ACCA4E-8748-4AAF-A38D-36DCD6F95A23}.Release|x86.ActiveCfg = Release|Win32
		{99ACCA4E-8748-4AAF-A38D-36DCD6F95A23}.Release|x86.Build.0 = Release|Win32
		{99ACCA4E-8748-4AAF-A38D-36DCD6F95A23}.RelWithDebInfo|x64.ActiveCfg = Release|Win32
		{99ACCA4E-8748-4AAF-A38D-36DCD6F95A23}.RelWithDebInfo|x64.Build.0 = Release|Win32
		{99ACCA4E-8748-4AAF-A38D-36DCD6F95A23}.RelWithDebInfo|x86.ActiveCfg = Release|Win32
		{99ACCA4E-8748-4AAF-A38D-36DCD6F95A23}.RelWithDebInfo|x86.Build.0 = Release|Win32
		{E6B3D7DC-E615-4F9E-8E14-E7AFE068E862}.Debug|x64.ActiveCfg = Debug|Win32
		{E6B3D7DC-E615-4F9E-8E14-E7AFE068E862}.Debug|x86.ActiveCfg = Debug|Win32
		{E6B3D7DC-E615-4F9E-8E14-E7AFE068E862}.Debug|x86.Build.0 = Debug|Win32
		{E6B3D7DC-E615-4F9E-8E14-E7AFE068E862}.MinSizeRel|x64.ActiveCfg = Release|Win32
		{E6B3D7DC-E615-4F9E-8E14-E7AFE068E862}.MinSizeRel|x64.Build.0 = Release|Win32
		{E6B3D7DC-E615-4F9E-8E14-E7AFE068E862}.MinSizeRel|x86.ActiveCfg = Release|Win32
		{E6B3D7DC-E615-4F9E-8E14-E7AFE068E862}.MinSizeRel|x86.Build.0 = Release|Win32
		{E6B3D7DC-E615-4F9E-8E14-E7AFE068E862}.Release|x64.ActiveCfg = Release|Win32
		{E6B3D7DC-E615-4F9E-8E14-E7AFE068E862}.Release|x86.ActiveCfg = Release|Win32
		{E6B3D7DC-E615-4F9E-8E14-E7AFE068E862}.Release|x86.Build.0 = Release|Win32
		{E6B3D7DC-E615-4F9E-8E14-E7AFE068E862}.RelWithDebInfo|x64.ActiveCfg = Release|Win32
		{E6B3D7DC-E615-4F9E-8E14-E7AFE068E862}.RelWithDebInfo|x64.Build.0 = Release|Win32
		{E6B3D7DC-E615-4F9E-8E14-E7AFE068E862}.RelWithDebInfo|x86.ActiveCfg = Release|Win32
		{E6B3D7DC-E615-4F9E-8E14-E7AFE068E862}.RelWithDebInfo|x86.Build.0 = Release|Win32
		{BAB92FF0-D72A-D7E5-1988-74628D39B94F}.Debug|x64.ActiveCfg = Debug|Win32
		{BAB92FF0-D72A-D7E5-1988-74628D39B94F}.Debug|x86.ActiveCfg = Debug|Win32
		{BAB92FF0-D72A-D7E5-1988-74628D39B94F}.Debug|x86.Build.0 = Debug|Win32
		{BAB92FF0-D72A-D7E5-1988-74628D39B94F}.MinSizeRel|x64.ActiveCfg = Release|Win32
		{BAB92FF0-D72A-D7E5-1988-74628D39B94F}.MinSizeRel|x64.Build.0 = Release|Win32
		{BAB92FF0-D72A-D7E5-1988-74628D39B94F}.MinSizeRel|x86.ActiveCfg = Release|Win32
		{BAB92FF0-D72A-D7E5-1988-74628D39B94F}.MinSizeRel|x86.Build.0 = Release|Win32
		{BAB92FF0-D72A-D7E5-1988-74628D39B94F}.Release|x64.ActiveCfg = Release|Win32
		{BAB92FF0-D72A-D7E5-1988-74628D39B94F}.Release|x86.ActiveCfg = Release|Win32
		{BAB92FF0-D72A-D7E5-1988-74628D39B94F}.Release|x86.Build.0 = Release|Win32
		{BAB92FF0-D72A-D7E5-1988-74628D39B94F}.RelWithDebInfo|x64.ActiveCfg = Release|Win32
		{BAB92FF0-D72A-D7E5-1988-74628D39B94F}.RelWithDebInfo|x64.Build.0 = Release|Win32
		{BAB92FF0-D72A-D7E5-1988-74628D39B94F}.RelWithDebInfo|x86.ActiveCfg = Release|Win32
		{BAB92FF0-D72A-D7E5-1988-74628D39B94F}.RelWithDebInfo|x86.Build.0 = Release|Win32
		{EC1C516D-E1D9-BC0A-F79D-E91E954ED8EC}.Debug|x64.ActiveCfg = Debug|Win32
		{EC1C516D-E1D9-BC0A-F79D-E91E954ED8EC}.Debug|x86.ActiveCfg = Debug|Win32
		{EC1C516D-E1D9-BC0A-F79D-E91E954ED8EC}.Debug|x86.Build.0 = Debug|Win32
		{EC1C516D-E1D9-BC0A-F79D-E91E954ED8EC}.MinSizeRel|x64.ActiveCfg = Release|Win32
		{EC1C516D-E1D9-BC0A-F79D-E91E954ED8EC}.MinSizeRel|x64.Build.0 = Release|Win32
		{EC1C516D-E1D9-BC0A-F79D-E91E954ED8EC}.MinSizeRel|x86.ActiveCfg = Release|Win32
		{EC1C516D-E1D9-BC0A-F79D-E91E954ED8EC}.MinSizeRel|x86.Build.0 = Release|Win32
		{EC1C516D-E1D9-BC0A-F79D-E91E954ED8EC}.Release|x64.ActiveCfg = Release|Win32
		{EC1C516D-E1D9-BC0A-F79D-E91E954ED8EC}.Release|x86.ActiveCfg = Release|Win32
		{EC1C516D-E1D9-BC0A-F79D-E91E954ED8EC}.Release|x86.Build.0 = Release|Win32
		{EC1C516D-E1D9-BC0A-F79D-E91E954ED8EC}.RelWithDebInfo|x64.ActiveCfg = Release|Win32
		{EC1C516D-E1D9-BC0A-F79D-E91E954ED8EC}.RelWithDebInfo|x64.Build.0 = Release|Win32
		{EC1C516D-E1D9-BC0A-F79D-E91E954ED8EC}.RelWithDebInfo|x86.ActiveCfg = Release|Win32
		{EC1C516D-E1D9-BC0A-F79D-E91E954ED8EC}.RelWithDebInfo|x86.Build.0 = Release|Win32
		{03BD822F-165F-485B-4447-EC8C827C9611}.Debug|x64.ActiveCfg = Debug|Win32
		{03BD822F-165F-485B-4447-EC8C827C9611}.Debug|x86.ActiveCfg = Debug|Win32
		{03BD822F-165F-485B-4447-EC8C827C9611}.Debug|x86.Build.0 = Debug|Win32
		{03BD822F-165F-485B-4447-EC8C827C9611}.MinSizeRel|x64.ActiveCfg = Release|Win32
		{03BD822F-165F-485B-4447-EC8C827C9611}.MinSizeRel|x64.Build.0 = Release|Win32
		{03BD822F-165F-485B-4447-EC8C827C9611}.MinSizeRel|x86.ActiveCfg = Release|Win32
		{03BD822F-165F-485B-4447-EC8C827C9611}.MinSizeRel|x86.Build.0 = Release|Win32
		{03BD822F-165F-485B-4447-EC8C827C9611}.Release|x64.ActiveCfg = Release|Win32
		{03BD822F-165F-485B-4447-EC8C827C9611}.Release|x86.ActiveCfg = Release|Win32
		{03BD822F-165F-485B-4447-EC8C827C9611}.Release|x86.Build.0 = Release|Win32
		{03BD822F-165F-485B-4447-EC8C827C9611}.RelWithDebInfo|x64.ActiveCfg = Release|Win32
		{03BD822F-165F-485B-4447-EC8C827C9611}.RelWithDebInfo|x64.Build.0 = Release|Win32
		{03BD822F-165F-485B-4447-EC8C827C9611}.RelWithDebInfo|x86.ActiveCfg = Release|Win32
		{03BD822F-165F-485B-4447-EC8C827C9611}.RelWithDebInfo|x86.Build.0 = Release|Win32
		{4D8EF5A4-6DAD-80EB-8D2C-CF5A5E5DFA62}.Debug|x64.ActiveCfg = Debug|Win32
		{4D8EF5A4-6DAD-80EB-8D2C-CF5A5E5DFA62}.Debug|x86.ActiveCfg = Debug|Win32
		{4D8EF5A4-6DAD-80EB-8D2C-CF5A5E5DFA62}.Debug|x86.Build.0 = Debug|Win32
		{4D8EF5A4-6DAD-80EB-8D2C-CF5A5E5DFA62}.MinSizeRel|x64.ActiveCfg = Release|Win32
		{4D8EF5A4-6DAD-80EB-8D2C-CF5A5E5DFA62}.MinSizeRel|x64.Build.0 = Release|Win32
		{4D8EF5A4-6DAD-80EB-8D2C-CF5A5E5DFA62}.MinSizeRel|x86.ActiveCfg = Release|Win32
		{4D8EF5A4-6DAD-80EB-8D2C-CF5A5E5DFA62}.MinSizeRel|x86.Build.0 = Release|Win32
		{4D8EF5A4-6DAD-80EB-8D2C-CF5A5E5DFA62}.Release|x64.ActiveCfg = Release|Win32
		{4D8EF5A4-6DAD-80EB-8D2C-CF5A5E5DFA62}.Release|x86.ActiveCfg = Release|Win32
		{4D8EF5A4-6DAD-80EB-8D2C-CF5A5E5DFA62}.Release|x86.Build.0 = Release|Win32
		{4D8EF5A4-6DAD-80EB-8D2C-CF5A5E5DFA62}.RelWithDebInfo|x64.ActiveCfg = Release|Win32
		{4D8EF5A4-6DAD-80EB-8D2C-CF5A5E5DFA62}.RelWithDebInfo|x64.Build.0 = Release|Win32
		{4D8EF5A4-6DAD-80EB-8D2C-CF5A5E5DFA62}.RelWithDebInfo|x86.ActiveCfg = Release|Win32
		{4D8EF5A4-6DAD-80EB-8D2C-CF5A5E5DFA62}.RelWithDebInfo|x86.Build.0 = Release|Win32
		{D855F918-41E5-A41F-C576-EB2DE770214F}.Debug|x64.ActiveCfg = Debug|Win32
		{D855F918-41E5-A41F-C576-EB2DE770214F}.Debug|x86.ActiveCfg = Debug|Win32
		{D855F918-41E5-A41F-C576-EB2DE770214F}.Debug|x86.Build.0 = Debug|Win32
		{D855F918-41E5-A41F-C576-EB2DE770214F}.MinSizeRel|x64.ActiveCfg = Release|Win32
		{D855F918-41E5-A41F-C576-EB2DE770214F}.MinSizeRel|x64.Build.0 = Release|Win32
		{D855F918-41E5-A41F-C576-EB2DE770214F}.MinSizeRel|x86.ActiveCfg = Release|Win32
		{D855F918-41E5-A41F-C576-EB2DE770214F}.MinSizeRel|x86.Build.0 = Release|Win32
		{D855F918-41E5-A41F-C576-EB2DE770214F}.Release|x64.ActiveCfg = Release|Win32
		{D855F918-41E5-A41F-C576-EB2DE770214F}.Release|x86.ActiveCfg = Release|Win32
		{D855F918-41E5-A41F-C576-EB2DE770214F}.Release|x86.Build.0 = Release|Win32
		{D855F918-41E5-A41F-C576-EB2DE770214F}.RelWithDebInfo|x64.ActiveCfg = Release|Win32
		{D855F918-41E5-A41F-C576-EB2DE770214F}.RelWithDebInfo|x64.Build.0 = Release|Win32
		{D855F918-41E5-A41F-C576-EB2DE770214F}.RelWithDebInfo|x86.ActiveCfg = Release|Win32
		{D855F918-41E5-A41F-C576-EB2DE770214F}.RelWithDebInfo|x86.Build.0 = Release|Win32
		{79EBC2C3-20B8-383B-B4BA-BC02B01BFD24}.Debug|x64.ActiveCfg = Debug|Win32
		{79EBC2C3-20B8-383B-B4BA-BC02B01BFD24}.Debug|x86.ActiveCfg = Debug|Win32
		{79EBC2C3-20B8-383B-B4BA-BC02B01BFD24}.Debug|x86.Build.0 = Debug|Win32
		{79EBC2C3-20B8-383B-B4BA-BC02B01BFD24}.MinSizeRel|x64.ActiveCfg = MinSizeRel|Win32
		{79EBC2C3-20B8-383B-B4BA-BC02B01BFD24}.MinSizeRel|x86.ActiveCfg = MinSizeRel|Win32
		{79EBC2C3-20B8-383B-B4BA-BC02B01BFD24}.MinSizeRel|x86.Build.0 = MinSizeRel|Win32
		{79EBC2C3-20B8-383B-B4BA-BC02B01BFD24}.Release|x64.ActiveCfg = Release|Win32
		{79EBC2C3-20B8-383B-B4BA-BC02B01BFD24}.Release|x86.ActiveCfg = RelWithDebInfo|Win32
		{79EBC2C3-20B8-383B-B4BA-BC02B01BFD24}.Release|x86.Build.0 = RelWithDebInfo|Win32
		{79EBC2C3-20B8-383B-B4BA-BC02B01BFD24}.RelWithDebInfo|x64.ActiveCfg = RelWithDebInfo|Win32
		{79EBC2C3-20B8-383B-B4BA-BC02B01BFD24}.RelWithDebInfo|x86.ActiveCfg = RelWithDebInfo|Win32
		{79EBC2C3-20B8-383B-B4BA-BC02B01BFD24}.RelWithDebInfo|x86.Build.0 = RelWithDebInfo|Win32
		{2750090E-C2C8-3C39-A4F9-606F6480B18D}.Debug|x64.ActiveCfg = Debug|Win32
		{2750090E-C2C8-3C39-A4F9-606F6480B18D}.Debug|x86.ActiveCfg = Debug|Win32
		{2750090E-C2C8-3C39-A4F9-606F6480B18D}.Debug|x86.Build.0 = Debug|Win32
		{2750090E-C2C8-3C39-A4F9-606F6480B18D}.MinSizeRel|x64.ActiveCfg = MinSizeRel|Win32
		{2750090E-C2C8-3C39-A4F9-606F6480B18D}.MinSizeRel|x86.ActiveCfg = MinSizeRel|Win32
		{2750090E-C2C8-3C39-A4F9-606F6480B18D}.MinSizeRel|x86.Build.0 = MinSizeRel|Win32
		{2750090E-C2C8-3C39-A4F9-606F6480B18D}.Release|x64.ActiveCfg = Release|Win32
		{2750090E-C2C8-3C39-A4F9-606F6480B18D}.Release|x86.ActiveCfg = Release|Win32
		{2750090E-C2C8-3C39-A4F9-606F6480B18D}.Release|x86.Build.0 = Release|Win32
		{2750090E-C2C8-3C39-A4F9-606F6480B18D}.RelWithDebInfo|x64.ActiveCfg = RelWithDebInfo|Win32
		{2750090E-C2C8-3C39-A4F9-606F6480B18D}.RelWithDebInfo|x86.ActiveCfg = RelWithDebInfo|Win32
		{2750090E-C2C8-3C39-A4F9-606F6480B18D}.RelWithDebInfo|x86.Build.0 = RelWithDebInfo|Win32
	EndGlobalSection
	GlobalSection(SolutionProperties) = preSolution
		HideSolutionNode = FALSE
	EndGlobalSection
	GlobalSection(NestedProjects) = preSolution
		{BAB92FF0-D72A-D7E5-1988-74628D39B94F} = {9A406D39-69B8-44CC-859D-B975B3C15CED}
		{EC1C516D-E1D9-BC0A-F79D-E91E954ED8EC} = {9A406D39-69B8-44CC-859D-B975B3C15CED}
		{03BD822F-165F-485B-4447-EC8C827C9611} = {9A406D39-69B8-44CC-859D-B975B3C15CED}
		{4D8EF5A4-6DAD-80EB-8D2C-CF5A5E5DFA62} = {9A406D39-69B8-44CC-859D-B975B3C15CED}
		{D855F918-41E5-A41F-C576-EB2DE770214F} = {9A406D39-69B8-44CC-859D-B975B3C15CED}
		{9A406D39-69B8-44CC-859D-B975B3C15CED} = {ACC819C7-E447-496B-8D73-C8D1ADECD842}
		{79EBC2C3-20B8-383B-B4BA-BC02B01BFD24} = {ACC819C7-E447-496B-8D73-C8D1ADECD842}
		{2750090E-C2C8-3C39-A4F9-606F6480B18D} = {ACC819C7-E447-496B-8D73-C8D1ADECD842}
	EndGlobalSection
	GlobalSection(ExtensibilityGlobals) = postSolution
		SolutionGuid = {803935D6-D83B-49C9-B156-0D95FD342AFA}
	EndGlobalSection
EndGlobal
